
Microsoft Visual Studio Solution File, Format Version 12.00
# Visual Studio Version 17
VisualStudioVersion = 17.7.34024.191
MinimumVisualStudioVersion = 10.0.40219.1
Project("{FAE04EC0-301F-11D3-BF4B-00C04F79EFBC}") = "EFCore", "EFCore\EFCore.csproj", "{EBEC6385-A335-496D-BB80-2819469C721C}"
EndProject
Global
	GlobalSection(SolutionConfigurationPlatforms) = preSolution
		Debug|Any CPU = Debug|Any CPU
		Release|Any CPU = Release|Any CPU
	EndGlobalSection
	GlobalSection(ProjectConfigurationPlatforms) = postSolution
		{EBEC6385-A335-496D-BB80-2819469C721C}.Debug|Any CPU.ActiveCfg = Debug|Any CPU
		{EBEC6385-A335-496D-BB80-2819469C721C}.Debug|Any CPU.Build.0 = Debug|Any CPU
		{EBEC6385-A335-496D-BB80-2819469C721C}.Release|Any CPU.ActiveCfg = Release|Any CPU
		{EBEC6385-A335-496D-BB80-2819469C721C}.Release|Any CPU.Build.0 = Release|Any CPU
	EndGlobalSection
	GlobalSection(SolutionProperties) = preSolution
		HideSolutionNode = FALSE
	EndGlobalSection
	GlobalSection(ExtensibilityGlobals) = postSolution
		SolutionGuid = {D23BC2DF-D84B-4921-A6A2-1C0E6C29839A}
	EndGlobalSection
EndGlobal
